# THIS IS AN AUTOGENERATED FILE. DO NOT EDIT THIS FILE DIRECTLY.
# yarn lockfile v1


"@types/react@^16.0.15":
  version "16.0.15"
  resolved "https://registry.yarnpkg.com/@types/react/-/react-16.0.15.tgz#1b1eba408fc75735b3e53a83333c346eeeb0022b"

raw-media-recorder@^1.4.1:
  version "1.4.1"
  resolved "https://registry.yarnpkg.com/raw-media-recorder/-/raw-media-recorder-1.4.1.tgz#072339b12d01e05495111f8f7d1541f87b2066d8"

typescript@^2.5.3:
  version "2.5.3"
  resolved "https://registry.yarnpkg.com/typescript/-/typescript-2.5.3.tgz#df3dcdc38f3beb800d4bc322646b04a3f6ca7f0d"
